// !$*UTF8*$!
{
	archiveVersion = 1;
	classes = {
	};
	objectVersion = 77;
	objects = {

/* Begin PBXContainerItemProxy section */
		1CA0ED622CA1B1FA00D3E0C4 /* PBXContainerItemProxy */ = {
			isa = PBXContainerItemProxy;
			containerPortal = 1CA0ED492CA1B1F800D3E0C4 /* Project object */;
			proxyType = 1;
			remoteGlobalIDString = 1CA0ED502CA1B1F800D3E0C4;
			remoteInfo = Loteamento;
		};
		1CA0ED6C2CA1B1FA00D3E0C4 /* PBXContainerItemProxy */ = {
			isa = PBXContainerItemProxy;
			containerPortal = 1CA0ED492CA1B1F800D3E0C4 /* Project object */;
			proxyType = 1;
			remoteGlobalIDString = 1CA0ED502CA1B1F800D3E0C4;
			remoteInfo = Loteamento;
		};
/* End PBXContainerItemProxy section */

/* Begin PBXFileReference section */
		1CA0ED512CA1B1F800D3E0C4 /* Loteamento.app */ = {isa = PBXFileReference; explicitFileType = wrapper.application; includeInIndex = 0; path = Loteamento.app; sourceTree = BUILT_PRODUCTS_DIR; };
		1CA0ED612CA1B1FA00D3E0C4 /* LoteamentoTests.xctest */ = {isa = PBXFileReference; explicitFileType = wrapper.cfbundle; includeInIndex = 0; path = LoteamentoTests.xctest; sourceTree = BUILT_PRODUCTS_DIR; };
		1CA0ED6B2CA1B1FA00D3E0C4 /* LoteamentoUITests.xctest */ = {isa = PBXFileReference; explicitFileType = wrapper.cfbundle; includeInIndex = 0; path = LoteamentoUITests.xctest; sourceTree = BUILT_PRODUCTS_DIR; };
/* End PBXFileReference section */

/* Begin PBXFileSystemSynchronizedBuildFileExceptionSet section */
		1CA0ED902CA1F8D500D3E0C4 /* Exceptions for "Loteamento" folder in "Loteamento" target */ = {
			isa = PBXFileSystemSynchronizedBuildFileExceptionSet;
			membershipExceptions = (
				Info.plist,
			);
			target = 1CA0ED502CA1B1F800D3E0C4 /* Loteamento */;
		};
/* End PBXFileSystemSynchronizedBuildFileExceptionSet section */

/* Begin PBXFileSystemSynchronizedRootGroup section */
		1CA0ED532CA1B1F800D3E0C4 /* Loteamento */ = {
			isa = PBXFileSystemSynchronizedRootGroup;
			exceptions = (
				1CA0ED902CA1F8D500D3E0C4 /* Exceptions for "Loteamento" folder in "Loteamento" target */,
			);
			path = Loteamento;
			sourceTree = "<group>";
		};
		1CA0ED642CA1B1FA00D3E0C4 /* LoteamentoTests */ = {
			isa = PBXFileSystemSynchronizedRootGroup;
			path = LoteamentoTests;
			sourceTree = "<group>";
		};
		1CA0ED6E2CA1B1FA00D3E0C4 /* LoteamentoUITests */ = {
			isa = PBXFileSystemSynchronizedRootGroup;
			path = LoteamentoUITests;
			sourceTree = "<group>";
		};
/* End PBXFileSystemSynchronizedRootGroup section */

/* Begin PBXFrameworksBuildPhase section */
		1CA0ED4E2CA1B1F800D3E0C4 /* Frameworks */ = {
			isa = PBXFrameworksBuildPhase;
			buildActionMask = 2147483647;
			files = (
			);
			runOnlyForDeploymentPostprocessing = 0;
		};
		1CA0ED5E2CA1B1FA00D3E0C4 /* Frameworks */ = {
			isa = PBXFrameworksBuildPhase;
			buildActionMask = 2147483647;
			files = (
			);
			runOnlyForDeploymentPostprocessing = 0;
		};
		1CA0ED682CA1B1FA00D3E0C4 /* Frameworks */ = {
			isa = PBXFrameworksBuildPhase;
			buildActionMask = 2147483647;
			files = (
			);
			runOnlyForDeploymentPostprocessing = 0;
		};
/* End PBXFrameworksBuildPhase section */

/* Begin PBXGroup section */
		1CA0ED482CA1B1F800D3E0C4 = {
			isa = PBXGroup;
			children = (
				1CA0ED532CA1B1F800D3E0C4 /* Loteamento */,
				1CA0ED642CA1B1FA00D3E0C4 /* LoteamentoTests */,
				1CA0ED6E2CA1B1FA00D3E0C4 /* LoteamentoUITests */,
				1CA0ED522CA1B1F800D3E0C4 /* Products */,
			);
			sourceTree = "<group>";
		};
		1CA0ED522CA1B1F800D3E0C4 /* Products */ = {
			isa = PBXGroup;
			children = (
				1CA0ED512CA1B1F800D3E0C4 /* Loteamento.app */,
				1CA0ED612CA1B1FA00D3E0C4 /* LoteamentoTests.xctest */,
				1CA0ED6B2CA1B1FA00D3E0C4 /* LoteamentoUITests.xctest */,
			);
			name = Products;
			sourceTree = "<group>";
		};
/* End PBXGroup section */

/* Begin PBXNativeTarget section */
		1CA0ED502CA1B1F800D3E0C4 /* Loteamento */ = {
			isa = PBXNativeTarget;
			buildConfigurationList = 1CA0ED752CA1B1FA00D3E0C4 /* Build configuration list for PBXNativeTarget "Loteamento" */;
			buildPhases = (
				1CA0ED4D2CA1B1F800D3E0C4 /* Sources */,
				1CA0ED4E2CA1B1F800D3E0C4 /* Frameworks */,
				1CA0ED4F2CA1B1F800D3E0C4 /* Resources */,
			);
			buildRules = (
			);
			dependencies = (
			);
			fileSystemSynchronizedGroups = (
				1CA0ED532CA1B1F800D3E0C4 /* Loteamento */,
			);
			name = Loteamento;
			packageProductDependencies = (
			);
			productName = Loteamento;
			productReference = 1CA0ED512CA1B1F800D3E0C4 /* Loteamento.app */;
			productType = "com.apple.product-type.application";
		};
		1CA0ED602CA1B1FA00D3E0C4 /* LoteamentoTests */ = {
			isa = PBXNativeTarget;
			buildConfigurationList = 1CA0ED782CA1B1FA00D3E0C4 /* Build configuration list for PBXNativeTarget "LoteamentoTests" */;
			buildPhases = (
				1CA0ED5D2CA1B1FA00D3E0C4 /* Sources */,
				1CA0ED5E2CA1B1FA00D3E0C4 /* Frameworks */,
				1CA0ED5F2CA1B1FA00D3E0C4 /* Resources */,
			);
			buildRules = (
			);
			dependencies = (
				1CA0ED632CA1B1FA00D3E0C4 /* PBXTargetDependency */,
			);
			fileSystemSynchronizedGroups = (
				1CA0ED642CA1B1FA00D3E0C4 /* LoteamentoTests */,
			);
			name = LoteamentoTests;
			packageProductDependencies = (
			);
			productName = LoteamentoTests;
			productReference = 1CA0ED612CA1B1FA00D3E0C4 /* LoteamentoTests.xctest */;
			productType = "com.apple.product-type.bundle.unit-test";
		};
		1CA0ED6A2CA1B1FA00D3E0C4 /* LoteamentoUITests */ = {
			isa = PBXNativeTarget;
			buildConfigurationList = 1CA0ED7B2CA1B1FA00D3E0C4 /* Build configuration list for PBXNativeTarget "LoteamentoUITests" */;
			buildPhases = (
				1CA0ED672CA1B1FA00D3E0C4 /* Sources */,
				1CA0ED682CA1B1FA00D3E0C4 /* Frameworks */,
				1CA0ED692CA1B1FA00D3E0C4 /* Resources */,
			);
			buildRules = (
			);
			dependencies = (
				1CA0ED6D2CA1B1FA00D3E0C4 /* PBXTargetDependency */,
			);
			fileSystemSynchronizedGroups = (
				1CA0ED6E2CA1B1FA00D3E0C4 /* LoteamentoUITests */,
			);
			name = LoteamentoUITests;
			packageProductDependencies = (
			);
			productName = LoteamentoUITests;
			productReference = 1CA0ED6B2CA1B1FA00D3E0C4 /* LoteamentoUITests.xctest */;
			productType = "com.apple.product-type.bundle.ui-testing";
		};
/* End PBXNativeTarget section */

/* Begin PBXProject section */
		1CA0ED492CA1B1F800D3E0C4 /* Project object */ = {
			isa = PBXProject;
			attributes = {
				BuildIndependentTargetsInParallel = 1;
				LastSwiftUpdateCheck = 1600;
				LastUpgradeCheck = 1600;
				TargetAttributes = {
					1CA0ED502CA1B1F800D3E0C4 = {
						CreatedOnToolsVersion = 16.0;
					};
					1CA0ED602CA1B1FA00D3E0C4 = {
						CreatedOnToolsVersion = 16.0;
						TestTargetID = 1CA0ED502CA1B1F800D3E0C4;
					};
					1CA0ED6A2CA1B1FA00D3E0C4 = {
						CreatedOnToolsVersion = 16.0;
						TestTargetID = 1CA0ED502CA1B1F800D3E0C4;
					};
				};
			};
			buildConfigurationList = 1CA0ED4C2CA1B1F800D3E0C4 /* Build configuration list for PBXProject "Loteamento" */;
			developmentRegion = en;
			hasScannedForEncodings = 0;
			knownRegions = (
				en,
				Base,
			);
			mainGroup = 1CA0ED482CA1B1F800D3E0C4;
			minimizedProjectReferenceProxies = 1;
			preferredProjectObjectVersion = 77;
			productRefGroup = 1CA0ED522CA1B1F800D3E0C4 /* Products */;
			projectDirPath = "";
			projectRoot = "";
			targets = (
				1CA0ED502CA1B1F800D3E0C4 /* Loteamento */,
				1CA0ED602CA1B1FA00D3E0C4 /* LoteamentoTests */,
				1CA0ED6A2CA1B1FA00D3E0C4 /* LoteamentoUITests */,
			);
		};
/* End PBXProject section */

/* Begin PBXResourcesBuildPhase section */
		1CA0ED4F2CA1B1F800D3E0C4 /* Resources */ = {
			isa = PBXResourcesBuildPhase;
			buildActionMask = 2147483647;
			files = (
			);
			runOnlyForDeploymentPostprocessing = 0;
		};
		1CA0ED5F2CA1B1FA00D3E0C4 /* Resources */ = {
			isa = PBXResourcesBuildPhase;
			buildActionMask = 2147483647;
			files = (
			);
			runOnlyForDeploymentPostprocessing = 0;
		};
		1CA0ED692CA1B1FA00D3E0C4 /* Resources */ = {
			isa = PBXResourcesBuildPhase;
			buildActionMask = 2147483647;
			files = (
			);
			runOnlyForDeploymentPostprocessing = 0;
		};
/* End PBXResourcesBuildPhase section */

/* Begin PBXSourcesBuildPhase section */
		1CA0ED4D2CA1B1F800D3E0C4 /* Sources */ = {
			isa = PBXSourcesBuildPhase;
			buildActionMask = 2147483647;
			files = (
			);
			runOnlyForDeploymentPostprocessing = 0;
		};
		1CA0ED5D2CA1B1FA00D3E0C4 /* Sources */ = {
			isa = PBXSourcesBuildPhase;
			buildActionMask = 2147483647;
			files = (
			);
			runOnlyForDeploymentPostprocessing = 0;
		};
		1CA0ED672CA1B1FA00D3E0C4 /* Sources */ = {
			isa = PBXSourcesBuildPhase;
			buildActionMask = 2147483647;
			files = (
			);
			runOnlyForDeploymentPostprocessing = 0;
		};
/* End PBXSourcesBuildPhase section */

/* Begin PBXTargetDependency section */
		1CA0ED632CA1B1FA00D3E0C4 /* PBXTargetDependency */ = {
			isa = PBXTargetDependency;
			target = 1CA0ED502CA1B1F800D3E0C4 /* Loteamento */;
			targetProxy = 1CA0ED622CA1B1FA00D3E0C4 /* PBXContainerItemProxy */;
		};
		1CA0ED6D2CA1B1FA00D3E0C4 /* PBXTargetDependency */ = {
			isa = PBXTargetDependency;
			target = 1CA0ED502CA1B1F800D3E0C4 /* Loteamento */;
			targetProxy = 1CA0ED6C2CA1B1FA00D3E0C4 /* PBXContainerItemProxy */;
		};
/* End PBXTargetDependency section */

/* Begin XCBuildConfiguration section */
		1CA0ED732CA1B1FA00D3E0C4 /* Debug */ = {
			isa = XCBuildConfiguration;
			buildSettings = {
				ALWAYS_SEARCH_USER_PATHS = NO;
				ASSETCATALOG_COMPILER_GENERATE_SWIFT_ASSET_SYMBOL_EXTENSIONS = YES;
				CLANG_ANALYZER_NONNULL = YES;
				CLANG_ANALYZER_NUMBER_OBJECT_CONVERSION = YES_AGGRESSIVE;
				CLANG_CXX_LANGUAGE_STANDARD = "gnu++20";
				CLANG_ENABLE_MODULES = YES;
				CLANG_ENABLE_OBJC_ARC = YES;
				CLANG_ENABLE_OBJC_WEAK = YES;
				CLANG_WARN_BLOCK_CAPTURE_AUTORELEASING = YES;
				CLANG_WARN_BOOL_CONVERSION = YES;
				CLANG_WARN_COMMA = YES;
				CLANG_WARN_CONSTANT_CONVERSION = YES;
				CLANG_WARN_DEPRECATED_OBJC_IMPLEMENTATIONS = YES;
				CLANG_WARN_DIRECT_OBJC_ISA_USAGE = YES_ERROR;
				CLANG_WARN_DOCUMENTATION_COMMENTS = YES;
				CLANG_WARN_EMPTY_BODY = YES;
				CLANG_WARN_ENUM_CONVERSION = YES;
				CLANG_WARN_INFINITE_RECURSION = YES;
				CLANG_WARN_INT_CONVERSION = YES;
				CLANG_WARN_NON_LITERAL_NULL_CONVERSION = YES;
				CLANG_WARN_OBJC_IMPLICIT_RETAIN_SELF = YES;
				CLANG_WARN_OBJC_LITERAL_CONVERSION = YES;
				CLANG_WARN_OBJC_ROOT_CLASS = YES_ERROR;
				CLANG_WARN_QUOTED_INCLUDE_IN_FRAMEWORK_HEADER = YES;
				CLANG_WARN_RANGE_LOOP_ANALYSIS = YES;
				CLANG_WARN_STRICT_PROTOTYPES = YES;
				CLANG_WARN_SUSPICIOUS_MOVE = YES;
				CLANG_WARN_UNGUARDED_AVAILABILITY = YES_AGGRESSIVE;
				CLANG_WARN_UNREACHABLE_CODE = YES;
				CLANG_WARN__DUPLICATE_METHOD_MATCH = YES;
				COPY_PHASE_STRIP = NO;
				DEBUG_INFORMATION_FORMAT = dwarf;
				ENABLE_STRICT_OBJC_MSGSEND = YES;
				ENABLE_TESTABILITY = YES;
				ENABLE_USER_SCRIPT_SANDBOXING = YES;
				GCC_C_LANGUAGE_STANDARD = gnu17;
				GCC_DYNAMIC_NO_PIC = NO;
				GCC_NO_COMMON_BLOCKS = YES;
				GCC_OPTIMIZATION_LEVEL = 0;
				GCC_PREPROCESSOR_DEFINITIONS = (
					"DEBUG=1",
					"$(inherited)",
				);
				GCC_WARN_64_TO_32_BIT_CONVERSION = YES;
				GCC_WARN_ABOUT_RETURN_TYPE = YES_ERROR;
				GCC_WARN_UNDECLARED_SELECTOR = YES;
				GCC_WARN_UNINITIALIZED_AUTOS = YES_AGGRESSIVE;
				GCC_WARN_UNUSED_FUNCTION = YES;
				GCC_WARN_UNUSED_VARIABLE = YES;
				IPHONEOS_DEPLOYMENT_TARGET = 18.0;
				LOCALIZATION_PREFERS_STRING_CATALOGS = YES;
				MTL_ENABLE_DEBUG_INFO = INCLUDE_SOURCE;
				MTL_FAST_MATH = YES;
				ONLY_ACTIVE_ARCH = YES;
				SDKROOT = iphoneos;
				SWIFT_ACTIVE_COMPILATION_CONDITIONS = "DEBUG $(inherited)";
				SWIFT_OPTIMIZATION_LEVEL = "-Onone";
			};
			name = Debug;
		};
		1CA0ED742CA1B1FA00D3E0C4 /* Release */ = {
			isa = XCBuildConfiguration;
			buildSettings = {
				ALWAYS_SEARCH_USER_PATHS = NO;
				ASSETCATALOG_COMPILER_GENERATE_SWIFT_ASSET_SYMBOL_EXTENSIONS = YES;
				CLANG_ANALYZER_NONNULL = YES;
				CLANG_ANALYZER_NUMBER_OBJECT_CONVERSION = YES_AGGRESSIVE;
				CLANG_CXX_LANGUAGE_STANDARD = "gnu++20";
				CLANG_ENABLE_MODULES = YES;
				CLANG_ENABLE_OBJC_ARC = YES;
				CLANG_ENABLE_OBJC_WEAK = YES;
				CLANG_WARN_BLOCK_CAPTURE_AUTORELEASING = YES;
				CLANG_WARN_BOOL_CONVERSION = YES;
				CLANG_WARN_COMMA = YES;
				CLANG_WARN_CONSTANT_CONVERSION = YES;
				CLANG_WARN_DEPRECATED_OBJC_IMPLEMENTATIONS = YES;
				CLANG_WARN_DIRECT_OBJC_ISA_USAGE = YES_ERROR;
				CLANG_WARN_DOCUMENTATION_COMMENTS = YES;
				CLANG_WARN_EMPTY_BODY = YES;
				CLANG_WARN_ENUM_CONVERSION = YES;
				CLANG_WARN_INFINITE_RECURSION = YES;
				CLANG_WARN_INT_CONVERSION = YES;
				CLANG_WARN_NON_LITERAL_NULL_CONVERSION = YES;
				CLANG_WARN_OBJC_IMPLICIT_RETAIN_SELF = YES;
				CLANG_WARN_OBJC_LITERAL_CONVERSION = YES;
				CLANG_WARN_OBJC_ROOT_CLASS = YES_ERROR;
				CLANG_WARN_QUOTED_INCLUDE_IN_FRAMEWORK_HEADER = YES;
				CLANG_WARN_RANGE_LOOP_ANALYSIS = YES;
				CLANG_WARN_STRICT_PROTOTYPES = YES;
				CLANG_WARN_SUSPICIOUS_MOVE = YES;
				CLANG_WARN_UNGUARDED_AVAILABILITY = YES_AGGRESSIVE;
				CLANG_WARN_UNREACHABLE_CODE = YES;
				CLANG_WARN__DUPLICATE_METHOD_MATCH = YES;
				COPY_PHASE_STRIP = NO;
				DEBUG_INFORMATION_FORMAT = "dwarf-with-dsym";
				ENABLE_NS_ASSERTIONS = NO;
				ENABLE_STRICT_OBJC_MSGSEND = YES;
				ENABLE_USER_SCRIPT_SANDBOXING = YES;
				GCC_C_LANGUAGE_STANDARD = gnu17;
				GCC_NO_COMMON_BLOCKS = YES;
				GCC_WARN_64_TO_32_BIT_CONVERSION = YES;
				GCC_WARN_ABOUT_RETURN_TYPE = YES_ERROR;
				GCC_WARN_UNDECLARED_SELECTOR = YES;
				GCC_WARN_UNINITIALIZED_AUTOS = YES_AGGRESSIVE;
				GCC_WARN_UNUSED_FUNCTION = YES;
				GCC_WARN_UNUSED_VARIABLE = YES;
				IPHONEOS_DEPLOYMENT_TARGET = 18.0;
				LOCALIZATION_PREFERS_STRING_CATALOGS = YES;
				MTL_ENABLE_DEBUG_INFO = NO;
				MTL_FAST_MATH = YES;
				SDKROOT = iphoneos;
				SWIFT_COMPILATION_MODE = wholemodule;
				VALIDATE_PRODUCT = YES;
			};
			name = Release;
		};
		1CA0ED762CA1B1FA00D3E0C4 /* Debug */ = {
			isa = XCBuildConfiguration;
			buildSettings = {
				ASSETCATALOG_COMPILER_APPICON_NAME = AppIcon;
				ASSETCATALOG_COMPILER_GLOBAL_ACCENT_COLOR_NAME = AccentColor;
				CODE_SIGN_STYLE = Automatic;
				CURRENT_PROJECT_VERSION = 1;
				DEVELOPMENT_ASSET_PATHS = "\"Loteamento/Preview Content\"";
				ENABLE_PREVIEWS = YES;
				GENERATE_INFOPLIST_FILE = YES;
				INFOPLIST_FILE = Loteamento/Info.plist;
				INFOPLIST_KEY_NSPhotoLibraryUsageDescription = "We need access to your photo library to upload images.";
				INFOPLIST_KEY_UIApplicationSceneManifest_Generation = YES;
				INFOPLIST_KEY_UIApplicationSupportsIndirectInputEvents = YES;
				INFOPLIST_KEY_UILaunchScreen_Generation = YES;
				INFOPLIST_KEY_UISupportedInterfaceOrientations_iPad = "UIInterfaceOrientationPortrait UIInterfaceOrientationPortraitUpsideDown UIInterfaceOrientationLandscapeLeft UIInterfaceOrientationLandscapeRight";
				INFOPLIST_KEY_UISupportedInterfaceOrientations_iPhone = "UIInterfaceOrientationPortrait UIInterfaceOrientationLandscapeLeft UIInterfaceOrientationLandscapeRight";
				LD_RUNPATH_SEARCH_PATHS = (
					"$(inherited)",
					"@executable_path/Frameworks",
				);
				MARKETING_VERSION = 1.0;
				PRODUCT_BUNDLE_IDENTIFIER = conrado.Loteamento;
				PRODUCT_NAME = "$(TARGET_NAME)";
				SWIFT_EMIT_LOC_STRINGS = YES;
				SWIFT_VERSION = 5.0;
				TARGETED_DEVICE_FAMILY = "1,2";
			};
			name = Debug;
		};
		1CA0ED772CA1B1FA00D3E0C4 /* Release */ = {
			isa = XCBuildConfiguration;
			buildSettings = {
				ASSETCATALOG_COMPILER_APPICON_NAME = AppIcon;
				ASSETCATALOG_COMPILER_GLOBAL_ACCENT_COLOR_NAME = AccentColor;
				CODE_SIGN_STYLE = Automatic;
				CURRENT_PROJECT_VERSION = 1;
				DEVELOPMENT_ASSET_PATHS = "\"Loteamento/Preview Content\"";
				ENABLE_PREVIEWS = YES;
				GENERATE_INFOPLIST_FILE = YES;
				INFOPLIST_FILE = Loteamento/Info.plist;
				INFOPLIST_KEY_NSPhotoLibraryUsageDescription = "We need access to your photo library to upload images.";
				INFOPLIST_KEY_UIApplicationSceneManifest_Generation = YES;
				INFOPLIST_KEY_UIApplicationSupportsIndirectInputEvents = YES;
				INFOPLIST_KEY_UILaunchScreen_Generation = YES;
				INFOPLIST_KEY_UISupportedInterfaceOrientations_iPad = "UIInterfaceOrientationPortrait UIInterfaceOrientationPortraitUpsideDown UIInterfaceOrientationLandscapeLeft UIInterfaceOrientationLandscapeRight";
				INFOPLIST_KEY_UISupportedInterfaceOrientations_iPhone = "UIInterfaceOrientationPortrait UIInterfaceOrientationLandscapeLeft UIInterfaceOrientationLandscapeRight";
				LD_RUNPATH_SEARCH_PATHS = (
					"$(inherited)",
					"@executable_path/Frameworks",
				);
				MARKETING_VERSION = 1.0;
				PRODUCT_BUNDLE_IDENTIFIER = conrado.Loteamento;
				PRODUCT_NAME = "$(TARGET_NAME)";
				SWIFT_EMIT_LOC_STRINGS = YES;
				SWIFT_VERSION = 5.0;
				TARGETED_DEVICE_FAMILY = "1,2";
			};
			name = Release;
		};
		1CA0ED792CA1B1FA00D3E0C4 /* Debug */ = {
			isa = XCBuildConfiguration;
			buildSettings = {
				BUNDLE_LOADER = "$(TEST_HOST)";
				CODE_SIGN_STYLE = Automatic;
				CURRENT_PROJECT_VERSION = 1;
				GENERATE_INFOPLIST_FILE = YES;
				IPHONEOS_DEPLOYMENT_TARGET = 18.0;
				MARKETING_VERSION = 1.0;
				PRODUCT_BUNDLE_IDENTIFIER = conrado.LoteamentoTests;
				PRODUCT_NAME = "$(TARGET_NAME)";
				SWIFT_EMIT_LOC_STRINGS = NO;
				SWIFT_VERSION = 5.0;
				TARGETED_DEVICE_FAMILY = "1,2";
				TEST_HOST = "$(BUILT_PRODUCTS_DIR)/Loteamento.app/$(BUNDLE_EXECUTABLE_FOLDER_PATH)/Loteamento";
			};
			name = Debug;
		};
		1CA0ED7A2CA1B1FA00D3E0C4 /* Release */ = {
			isa = XCBuildConfiguration;
			buildSettings = {
				BUNDLE_LOADER = "$(TEST_HOST)";
				CODE_SIGN_STYLE = Automatic;
				CURRENT_PROJECT_VERSION = 1;
				GENERATE_INFOPLIST_FILE = YES;
				IPHONEOS_DEPLOYMENT_TARGET = 18.0;
				MARKETING_VERSION = 1.0;
				PRODUCT_BUNDLE_IDENTIFIER = conrado.LoteamentoTests;
				PRODUCT_NAME = "$(TARGET_NAME)";
				SWIFT_EMIT_LOC_STRINGS = NO;
				SWIFT_VERSION = 5.0;
				TARGETED_DEVICE_FAMILY = "1,2";
				TEST_HOST = "$(BUILT_PRODUCTS_DIR)/Loteamento.app/$(BUNDLE_EXECUTABLE_FOLDER_PATH)/Loteamento";
			};
			name = Release;
		};
		1CA0ED7C2CA1B1FA00D3E0C4 /* Debug */ = {
			isa = XCBuildConfiguration;
			buildSettings = {
				CODE_SIGN_STYLE = Automatic;
				CURRENT_PROJECT_VERSION = 1;
				GENERATE_INFOPLIST_FILE = YES;
				MARKETING_VERSION = 1.0;
				PRODUCT_BUNDLE_IDENTIFIER = conrado.LoteamentoUITests;
				PRODUCT_NAME = "$(TARGET_NAME)";
				SWIFT_EMIT_LOC_STRINGS = NO;
				SWIFT_VERSION = 5.0;
				TARGETED_DEVICE_FAMILY = "1,2";
				TEST_TARGET_NAME = Loteamento;
			};
			name = Debug;
		};
		1CA0ED7D2CA1B1FA00D3E0C4 /* Release */ = {
			isa = XCBuildConfiguration;
			buildSettings = {
				CODE_SIGN_STYLE = Automatic;
				CURRENT_PROJECT_VERSION = 1;
				GENERATE_INFOPLIST_FILE = YES;
				MARKETING_VERSION = 1.0;
				PRODUCT_BUNDLE_IDENTIFIER = conrado.LoteamentoUITests;
				PRODUCT_NAME = "$(TARGET_NAME)";
				SWIFT_EMIT_LOC_STRINGS = NO;
				SWIFT_VERSION = 5.0;
				TARGETED_DEVICE_FAMILY = "1,2";
				TEST_TARGET_NAME = Loteamento;
			};
			name = Release;
		};
/* End XCBuildConfiguration section */

/* Begin XCConfigurationList section */
		1CA0ED4C2CA1B1F800D3E0C4 /* Build configuration list for PBXProject "Loteamento" */ = {
			isa = XCConfigurationList;
			buildConfigurations = (
				1CA0ED732CA1B1FA00D3E0C4 /* Debug */,
				1CA0ED742CA1B1FA00D3E0C4 /* Release */,
			);
			defaultConfigurationIsVisible = 0;
			defaultConfigurationName = Release;
		};
		1CA0ED752CA1B1FA00D3E0C4 /* Build configuration list for PBXNativeTarget "Loteamento" */ = {
			isa = XCConfigurationList;
			buildConfigurations = (
				1CA0ED762CA1B1FA00D3E0C4 /* Debug */,
				1CA0ED772CA1B1FA00D3E0C4 /* Release */,
			);
			defaultConfigurationIsVisible = 0;
			defaultConfigurationName = Release;
		};
		1CA0ED782CA1B1FA00D3E0C4 /* Build configuration list for PBXNativeTarget "LoteamentoTests" */ = {
			isa = XCConfigurationList;
			buildConfigurations = (
				1CA0ED792CA1B1FA00D3E0C4 /* Debug */,
				1CA0ED7A2CA1B1FA00D3E0C4 /* Release */,
			);
			defaultConfigurationIsVisible = 0;
			defaultConfigurationName = Release;
		};
		1CA0ED7B2CA1B1FA00D3E0C4 /* Build configuration list for PBXNativeTarget "LoteamentoUITests" */ = {
			isa = XCConfigurationList;
			buildConfigurations = (
				1CA0ED7C2CA1B1FA00D3E0C4 /* Debug */,
				1CA0ED7D2CA1B1FA00D3E0C4 /* Release */,
			);
			defaultConfigurationIsVisible = 0;
			defaultConfigurationName = Release;
		};
/* End XCConfigurationList section */
	};
	rootObject = 1CA0ED492CA1B1F800D3E0C4 /* Project object */;
}
